# This file is autogenerated, do not edit; changes may be undone by the next 'dep ensure'.


[[projects]]
  name = "github.com/favclip/golidator"
  packages = ["."]
  revision = "f8a22a68c32005c88762ff41a4139950b49263a9"
  version = "v2.0.1"

[[projects]]
  name = "github.com/favclip/ucon"
  packages = ["."]
  revision = "ccb694c2d08eb1e9d120a7b262b13ffc15bafb42"
  version = "v2.0.0"

[solve-meta]
  analyzer-name = "dep"
  analyzer-version = 1
  inputs-digest = "be887c56bd866022afe1e61e8b57b6dfba4452b0e93c684af618c40fdaaa4f84"
  solver-name = "gps-cdcl"
  solver-version = 1
